# PyPI release 5.2.0.dev0, Linux manylinux_2_35 x86_64 and aarch64 wheels.
dittolive-ditto==5.2.0.dev0 \
    --hash=sha256:c61cd25a2a885fed4e39f46886ff7d8ee9260faaadec32a6cc99afd53a208c89 \
    --hash=sha256:ad0c881ca44394d2d695e6d8dc67b9581a9a7998841da669164d8512b5bf22fb
cbor2==5.9.0 \
    --hash=sha256:4cd43d8fc374b31643b2830910f28177a606a7bc84975a62675dd3f2e320fc7b \
    --hash=sha256:ae6c706ac1d85a0b3cb3395308fd0c4d55e3202b4760773675957e93cdff45fc
